
Microsoft Visual Studio Solution File, Format Version 12.00
# Visual Studio 15
VisualStudioVersion = 15.0.27703.2047
MinimumVisualStudioVersion = 10.0.40219.1
Project("{8BC9CEB8-8B4A-11D0-8D11-00A0C91BC942}") = "ModelingAndSimulation", "ModelingAndSimulation.vcxproj", "{39C0DD0C-71AC-4275-B5A0-118A2E5D01A3}"
EndProject
Project("{8BC9CEB8-8B4A-11D0-8D11-00A0C91BC942}") = "SimulatingCollidingGalaxies", "SimulatingCollidingGalaxies\SimulatingCollidingGalaxies.vcxproj", "{7157C580-1102-4DA1-ADEE-5301266969F7}"
EndProject
Global
	GlobalSection(SolutionConfigurationPlatforms) = preSolution
		Debug|x64 = Debug|x64
		Debug|x86 = Debug|x86
		Release|x64 = Release|x64
		Release|x86 = Release|x86
	EndGlobalSection
	GlobalSection(ProjectConfigurationPlatforms) = postSolution
		{39C0DD0C-71AC-4275-B5A0-118A2E5D01A3}.Debug|x64.ActiveCfg = Debug|x64
		{39C0DD0C-71AC-4275-B5A0-118A2E5D01A3}.Debug|x64.Build.0 = Debug|x64
		{39C0DD0C-71AC-4275-B5A0-118A2E5D01A3}.Debug|x86.ActiveCfg = Debug|x64
		{39C0DD0C-71AC-4275-B5A0-118A2E5D01A3}.Debug|x86.Build.0 = Debug|x64
		{39C0DD0C-71AC-4275-B5A0-118A2E5D01A3}.Release|x64.ActiveCfg = Debug|x64
		{39C0DD0C-71AC-4275-B5A0-118A2E5D01A3}.Release|x64.Build.0 = Debug|x64
		{39C0DD0C-71AC-4275-B5A0-118A2E5D01A3}.Release|x86.ActiveCfg = Debug|x64
		{39C0DD0C-71AC-4275-B5A0-118A2E5D01A3}.Release|x86.Build.0 = Debug|x64
		{7157C580-1102-4DA1-ADEE-5301266969F7}.Debug|x64.ActiveCfg = Debug|x64
		{7157C580-1102-4DA1-ADEE-5301266969F7}.Debug|x64.Build.0 = Debug|x64
		{7157C580-1102-4DA1-ADEE-5301266969F7}.Debug|x86.ActiveCfg = Debug|x64
		{7157C580-1102-4DA1-ADEE-5301266969F7}.Debug|x86.Build.0 = Debug|x64
		{7157C580-1102-4DA1-ADEE-5301266969F7}.Release|x64.ActiveCfg = Debug|x64
		{7157C580-1102-4DA1-ADEE-5301266969F7}.Release|x64.Build.0 = Debug|x64
		{7157C580-1102-4DA1-ADEE-5301266969F7}.Release|x86.ActiveCfg = Debug|x64
		{7157C580-1102-4DA1-ADEE-5301266969F7}.Release|x86.Build.0 = Debug|x64
	EndGlobalSection
	GlobalSection(SolutionProperties) = preSolution
		HideSolutionNode = FALSE
	EndGlobalSection
	GlobalSection(ExtensibilityGlobals) = postSolution
		SolutionGuid = {43805077-D4DE-45B5-A3C4-EEE73384B9D2}
	EndGlobalSection
EndGlobal
