
Microsoft Visual Studio Solution File, Format Version 12.00
# Visual Studio 15
VisualStudioVersion = 15.0.27703.2047
MinimumVisualStudioVersion = 10.0.40219.1
Project("{8BC9CEB8-8B4A-11D0-8D11-00A0C91BC942}") = "ModelingAndSimulation", "ModelingAndSimulation.vcxproj", "{94944352-9377-455A-9B16-5D2542CB931B}"
EndProject
Project("{8BC9CEB8-8B4A-11D0-8D11-00A0C91BC942}") = "SimulatingCollidingGalaxies", "SimulatingCollidingGalaxies\SimulatingCollidingGalaxies.vcxproj", "{36070617-23E7-4043-B6AC-5C0BA01457E9}"
EndProject
Global
	GlobalSection(SolutionConfigurationPlatforms) = preSolution
		Debug|x64 = Debug|x64
		Debug|x86 = Debug|x86
		Release|x64 = Release|x64
		Release|x86 = Release|x86
	EndGlobalSection
	GlobalSection(ProjectConfigurationPlatforms) = postSolution
		{94944352-9377-455A-9B16-5D2542CB931B}.Debug|x64.ActiveCfg = Debug|x64
		{94944352-9377-455A-9B16-5D2542CB931B}.Debug|x64.Build.0 = Debug|x64
		{94944352-9377-455A-9B16-5D2542CB931B}.Debug|x86.ActiveCfg = Debug|Win32
		{94944352-9377-455A-9B16-5D2542CB931B}.Debug|x86.Build.0 = Debug|Win32
		{94944352-9377-455A-9B16-5D2542CB931B}.Release|x64.ActiveCfg = Release|x64
		{94944352-9377-455A-9B16-5D2542CB931B}.Release|x64.Build.0 = Release|x64
		{94944352-9377-455A-9B16-5D2542CB931B}.Release|x86.ActiveCfg = Release|Win32
		{94944352-9377-455A-9B16-5D2542CB931B}.Release|x86.Build.0 = Release|Win32
		{36070617-23E7-4043-B6AC-5C0BA01457E9}.Debug|x64.ActiveCfg = Debug|x64
		{36070617-23E7-4043-B6AC-5C0BA01457E9}.Debug|x64.Build.0 = Debug|x64
		{36070617-23E7-4043-B6AC-5C0BA01457E9}.Debug|x86.ActiveCfg = Debug|Win32
		{36070617-23E7-4043-B6AC-5C0BA01457E9}.Debug|x86.Build.0 = Debug|Win32
		{36070617-23E7-4043-B6AC-5C0BA01457E9}.Release|x64.ActiveCfg = Release|x64
		{36070617-23E7-4043-B6AC-5C0BA01457E9}.Release|x64.Build.0 = Release|x64
		{36070617-23E7-4043-B6AC-5C0BA01457E9}.Release|x86.ActiveCfg = Release|Win32
		{36070617-23E7-4043-B6AC-5C0BA01457E9}.Release|x86.Build.0 = Release|Win32
	EndGlobalSection
	GlobalSection(SolutionProperties) = preSolution
		HideSolutionNode = FALSE
	EndGlobalSection
	GlobalSection(ExtensibilityGlobals) = postSolution
		SolutionGuid = {4FB1310E-7633-4377-857A-7098D099D575}
	EndGlobalSection
EndGlobal
